
Microsoft Visual Studio Solution File, Format Version 12.00
# Visual Studio Version 16
VisualStudioVersion = 16.0.30717.126
MinimumVisualStudioVersion = 15.0.26124.0
Project("{2150E333-8FDC-42A3-9474-1A3956D46DE8}") = "src", "src", "{BEB02EA8-976A-455B-AF48-A49B3701C23B}"
EndProject
Project("{9A19103F-16F7-4668-BE54-9A1E7A4F7556}") = "IdentityServer", "src\IdentityServer\IdentityServer.csproj", "{3366E892-4DA2-428E-8663-0D4732D72703}"
EndProject
Project("{9A19103F-16F7-4668-BE54-9A1E7A4F7556}") = "OmsApi", "src\OmsApi\OmsApi.csproj", "{CE705921-F134-49E3-A928-B2364E0F8DC6}"
EndProject
Project("{9A19103F-16F7-4668-BE54-9A1E7A4F7556}") = "CheckOutApi", "src\CheckOutApi\CheckOutApi.csproj", "{BF88D697-449F-491E-813D-46EABCFD65A0}"
EndProject
Project("{9A19103F-16F7-4668-BE54-9A1E7A4F7556}") = "JavaScriptClient", "src\JavaScriptClient\JavaScriptClient.csproj", "{9AE22E1D-5AC2-4C95-8826-53ED4AC46E47}"
EndProject
Project("{9A19103F-16F7-4668-BE54-9A1E7A4F7556}") = "MvcClient", "src\MvcClient\MvcClient.csproj", "{A2135A5D-41F7-4840-BCB7-5888743F6025}"
EndProject
Global
	GlobalSection(SolutionConfigurationPlatforms) = preSolution
		Debug|Any CPU = Debug|Any CPU
		Debug|x64 = Debug|x64
		Debug|x86 = Debug|x86
		Release|Any CPU = Release|Any CPU
		Release|x64 = Release|x64
		Release|x86 = Release|x86
	EndGlobalSection
	GlobalSection(ProjectConfigurationPlatforms) = postSolution
		{3366E892-4DA2-428E-8663-0D4732D72703}.Debug|Any CPU.ActiveCfg = Debug|Any CPU
		{3366E892-4DA2-428E-8663-0D4732D72703}.Debug|Any CPU.Build.0 = Debug|Any CPU
		{3366E892-4DA2-428E-8663-0D4732D72703}.Debug|x64.ActiveCfg = Debug|Any CPU
		{3366E892-4DA2-428E-8663-0D4732D72703}.Debug|x64.Build.0 = Debug|Any CPU
		{3366E892-4DA2-428E-8663-0D4732D72703}.Debug|x86.ActiveCfg = Debug|Any CPU
		{3366E892-4DA2-428E-8663-0D4732D72703}.Debug|x86.Build.0 = Debug|Any CPU
		{3366E892-4DA2-428E-8663-0D4732D72703}.Release|Any CPU.ActiveCfg = Release|Any CPU
		{3366E892-4DA2-428E-8663-0D4732D72703}.Release|Any CPU.Build.0 = Release|Any CPU
		{3366E892-4DA2-428E-8663-0D4732D72703}.Release|x64.ActiveCfg = Release|Any CPU
		{3366E892-4DA2-428E-8663-0D4732D72703}.Release|x64.Build.0 = Release|Any CPU
		{3366E892-4DA2-428E-8663-0D4732D72703}.Release|x86.ActiveCfg = Release|Any CPU
		{3366E892-4DA2-428E-8663-0D4732D72703}.Release|x86.Build.0 = Release|Any CPU
		{CE705921-F134-49E3-A928-B2364E0F8DC6}.Debug|Any CPU.ActiveCfg = Debug|Any CPU
		{CE705921-F134-49E3-A928-B2364E0F8DC6}.Debug|Any CPU.Build.0 = Debug|Any CPU
		{CE705921-F134-49E3-A928-B2364E0F8DC6}.Debug|x64.ActiveCfg = Debug|Any CPU
		{CE705921-F134-49E3-A928-B2364E0F8DC6}.Debug|x64.Build.0 = Debug|Any CPU
		{CE705921-F134-49E3-A928-B2364E0F8DC6}.Debug|x86.ActiveCfg = Debug|Any CPU
		{CE705921-F134-49E3-A928-B2364E0F8DC6}.Debug|x86.Build.0 = Debug|Any CPU
		{CE705921-F134-49E3-A928-B2364E0F8DC6}.Release|Any CPU.ActiveCfg = Release|Any CPU
		{CE705921-F134-49E3-A928-B2364E0F8DC6}.Release|Any CPU.Build.0 = Release|Any CPU
		{CE705921-F134-49E3-A928-B2364E0F8DC6}.Release|x64.ActiveCfg = Release|Any CPU
		{CE705921-F134-49E3-A928-B2364E0F8DC6}.Release|x64.Build.0 = Release|Any CPU
		{CE705921-F134-49E3-A928-B2364E0F8DC6}.Release|x86.ActiveCfg = Release|Any CPU
		{CE705921-F134-49E3-A928-B2364E0F8DC6}.Release|x86.Build.0 = Release|Any CPU
		{BF88D697-449F-491E-813D-46EABCFD65A0}.Debug|Any CPU.ActiveCfg = Debug|Any CPU
		{BF88D697-449F-491E-813D-46EABCFD65A0}.Debug|Any CPU.Build.0 = Debug|Any CPU
		{BF88D697-449F-491E-813D-46EABCFD65A0}.Debug|x64.ActiveCfg = Debug|Any CPU
		{BF88D697-449F-491E-813D-46EABCFD65A0}.Debug|x64.Build.0 = Debug|Any CPU
		{BF88D697-449F-491E-813D-46EABCFD65A0}.Debug|x86.ActiveCfg = Debug|Any CPU
		{BF88D697-449F-491E-813D-46EABCFD65A0}.Debug|x86.Build.0 = Debug|Any CPU
		{BF88D697-449F-491E-813D-46EABCFD65A0}.Release|Any CPU.ActiveCfg = Release|Any CPU
		{BF88D697-449F-491E-813D-46EABCFD65A0}.Release|Any CPU.Build.0 = Release|Any CPU
		{BF88D697-449F-491E-813D-46EABCFD65A0}.Release|x64.ActiveCfg = Release|Any CPU
		{BF88D697-449F-491E-813D-46EABCFD65A0}.Release|x64.Build.0 = Release|Any CPU
		{BF88D697-449F-491E-813D-46EABCFD65A0}.Release|x86.ActiveCfg = Release|Any CPU
		{BF88D697-449F-491E-813D-46EABCFD65A0}.Release|x86.Build.0 = Release|Any CPU
		{9AE22E1D-5AC2-4C95-8826-53ED4AC46E47}.Debug|Any CPU.ActiveCfg = Debug|Any CPU
		{9AE22E1D-5AC2-4C95-8826-53ED4AC46E47}.Debug|Any CPU.Build.0 = Debug|Any CPU
		{9AE22E1D-5AC2-4C95-8826-53ED4AC46E47}.Debug|x64.ActiveCfg = Debug|Any CPU
		{9AE22E1D-5AC2-4C95-8826-53ED4AC46E47}.Debug|x64.Build.0 = Debug|Any CPU
		{9AE22E1D-5AC2-4C95-8826-53ED4AC46E47}.Debug|x86.ActiveCfg = Debug|Any CPU
		{9AE22E1D-5AC2-4C95-8826-53ED4AC46E47}.Debug|x86.Build.0 = Debug|Any CPU
		{9AE22E1D-5AC2-4C95-8826-53ED4AC46E47}.Release|Any CPU.ActiveCfg = Release|Any CPU
		{9AE22E1D-5AC2-4C95-8826-53ED4AC46E47}.Release|Any CPU.Build.0 = Release|Any CPU
		{9AE22E1D-5AC2-4C95-8826-53ED4AC46E47}.Release|x64.ActiveCfg = Release|Any CPU
		{9AE22E1D-5AC2-4C95-8826-53ED4AC46E47}.Release|x64.Build.0 = Release|Any CPU
		{9AE22E1D-5AC2-4C95-8826-53ED4AC46E47}.Release|x86.ActiveCfg = Release|Any CPU
		{9AE22E1D-5AC2-4C95-8826-53ED4AC46E47}.Release|x86.Build.0 = Release|Any CPU
		{A2135A5D-41F7-4840-BCB7-5888743F6025}.Debug|Any CPU.ActiveCfg = Debug|Any CPU
		{A2135A5D-41F7-4840-BCB7-5888743F6025}.Debug|Any CPU.Build.0 = Debug|Any CPU
		{A2135A5D-41F7-4840-BCB7-5888743F6025}.Debug|x64.ActiveCfg = Debug|Any CPU
		{A2135A5D-41F7-4840-BCB7-5888743F6025}.Debug|x64.Build.0 = Debug|Any CPU
		{A2135A5D-41F7-4840-BCB7-5888743F6025}.Debug|x86.ActiveCfg = Debug|Any CPU
		{A2135A5D-41F7-4840-BCB7-5888743F6025}.Debug|x86.Build.0 = Debug|Any CPU
		{A2135A5D-41F7-4840-BCB7-5888743F6025}.Release|Any CPU.ActiveCfg = Release|Any CPU
		{A2135A5D-41F7-4840-BCB7-5888743F6025}.Release|Any CPU.Build.0 = Release|Any CPU
		{A2135A5D-41F7-4840-BCB7-5888743F6025}.Release|x64.ActiveCfg = Release|Any CPU
		{A2135A5D-41F7-4840-BCB7-5888743F6025}.Release|x64.Build.0 = Release|Any CPU
		{A2135A5D-41F7-4840-BCB7-5888743F6025}.Release|x86.ActiveCfg = Release|Any CPU
		{A2135A5D-41F7-4840-BCB7-5888743F6025}.Release|x86.Build.0 = Release|Any CPU
	EndGlobalSection
	GlobalSection(SolutionProperties) = preSolution
		HideSolutionNode = FALSE
	EndGlobalSection
	GlobalSection(NestedProjects) = preSolution
		{3366E892-4DA2-428E-8663-0D4732D72703} = {BEB02EA8-976A-455B-AF48-A49B3701C23B}
		{CE705921-F134-49E3-A928-B2364E0F8DC6} = {BEB02EA8-976A-455B-AF48-A49B3701C23B}
		{BF88D697-449F-491E-813D-46EABCFD65A0} = {BEB02EA8-976A-455B-AF48-A49B3701C23B}
		{9AE22E1D-5AC2-4C95-8826-53ED4AC46E47} = {BEB02EA8-976A-455B-AF48-A49B3701C23B}
		{A2135A5D-41F7-4840-BCB7-5888743F6025} = {BEB02EA8-976A-455B-AF48-A49B3701C23B}
	EndGlobalSection
	GlobalSection(ExtensibilityGlobals) = postSolution
		SolutionGuid = {259CB83C-963B-4B8B-A22E-0B360CF9E6E7}
	EndGlobalSection
EndGlobal
